// !$*UTF8*$!
{
	archiveVersion = 1;
	classes = {
	};
	objectVersion = 77;
	objects = {

/* Begin PBXBuildFile section */
		015C1B8193C18ED9DB197F9E /* Int+TimeFormatting.swift in Sources */ = {isa = PBXBuildFile; fileRef = 087D59B9479124D982BB1FF9 /* Int+TimeFormatting.swift */; };
		0632FD6B63421AB1ADB06862 /* LiveTimingViewModel.swift in Sources */ = {isa = PBXBuildFile; fileRef = E108A36EE73BC01960F84847 /* LiveTimingViewModel.swift */; };
		0927059CF66C78EA31C867F7 /* MeetCardRow.swift in Sources */ = {isa = PBXBuildFile; fileRef = FE86AA33E741D6665AC30180 /* MeetCardRow.swift */; };
		09EB142480D65C9438106D49 /* RaceSetupViewModel.swift in Sources */ = {isa = PBXBuildFile; fileRef = 7A031E4142C9058EF08DEBE9 /* RaceSetupViewModel.swift */; };
		0CE05CDAD03DA81A55A16D71 /* AboutView.swift in Sources */ = {isa = PBXBuildFile; fileRef = 5FC29C5EB6D64350600FC8AA /* AboutView.swift */; };
		0D85858B37AC18D9876ED109 /* ModeSelectorView.swift in Sources */ = {isa = PBXBuildFile; fileRef = 929799BA799434D1A56752D8 /* ModeSelectorView.swift */; };
		10076C69AA3CD9A6C638516B /* MeetRaceCardRow.swift in Sources */ = {isa = PBXBuildFile; fileRef = BFDE47332C705D19E547DA90 /* MeetRaceCardRow.swift */; };
		12ED0D347A271FB888AA003C /* SpectatorHomeView.swift in Sources */ = {isa = PBXBuildFile; fileRef = F1BEE1EC77DA5D2C3F9C9F28 /* SpectatorHomeView.swift */; };
		1A37159E60C57CAFD06D2BFB /* ResultsCardView.swift in Sources */ = {isa = PBXBuildFile; fileRef = B8F17121B12636D402BE0494 /* ResultsCardView.swift */; };
		1BA5055F711162EA2448A8E9 /* MeetDetailView.swift in Sources */ = {isa = PBXBuildFile; fileRef = B02F8B89A3ACC98CEDE93E36 /* MeetDetailView.swift */; };
		1C552CE22234D906DB87720A /* RaceDomainTests.swift in Sources */ = {isa = PBXBuildFile; fileRef = B956E3D620CE0BEFA88FAEFC /* RaceDomainTests.swift */; };
		2041D13B50C974804E7912CF /* HomeView.swift in Sources */ = {isa = PBXBuildFile; fileRef = 72FF88CEB8B8D3ACF1C60D55 /* HomeView.swift */; };
		214A0BA7CD6138C87920BDD9 /* SplitMergerTests.swift in Sources */ = {isa = PBXBuildFile; fileRef = D9323BED1D9566725EABCD06 /* SplitMergerTests.swift */; };
		258380E5BD4DF63F196726BE /* CardRenderer.swift in Sources */ = {isa = PBXBuildFile; fileRef = 1C491B6D663CB9FD6B5AC3BD /* CardRenderer.swift */; };
		267FF671BC662EEF7E0547F2 /* OfficialTimeEntryView.swift in Sources */ = {isa = PBXBuildFile; fileRef = C94B78CF84B174B035D50077 /* OfficialTimeEntryView.swift */; };
		2A50B3529D2F32488C25A498 /* MergeViewModel.swift in Sources */ = {isa = PBXBuildFile; fileRef = 66443145F10A5634E4A29023 /* MergeViewModel.swift */; };
		2CEF55566CD7EDD95C39CC01 /* RaceSetupView.swift in Sources */ = {isa = PBXBuildFile; fileRef = 3D812937365A0963C9FE9958 /* RaceSetupView.swift */; };
		37171390CCA27BFA7683ECFF /* Race.swift in Sources */ = {isa = PBXBuildFile; fileRef = 93175D56ABAEDC79E4C794B3 /* Race.swift */; };
		37A6EB641D50763F0EC4E858 /* AthleteProfileView.swift in Sources */ = {isa = PBXBuildFile; fileRef = 1A190C975E445F6E55481E08 /* AthleteProfileView.swift */; };
		3E69ADA79ACE1FD30A094C55 /* PayloadEncoder.swift in Sources */ = {isa = PBXBuildFile; fileRef = CCD61869AF46FB9DA543E8E4 /* PayloadEncoder.swift */; };
		42C0AE3F8DFFC068D39793BF /* SpectatorRootView.swift in Sources */ = {isa = PBXBuildFile; fileRef = DD94C5A20CF2F40D3944D1D9 /* SpectatorRootView.swift */; };
		43F40A75A46E51AAA2EF6891 /* AthleteProfileViewModel.swift in Sources */ = {isa = PBXBuildFile; fileRef = 221CC82841835CBCD8E139A0 /* AthleteProfileViewModel.swift */; };
		46A713C3E39CE8FF16EEC744 /* RosterImportView.swift in Sources */ = {isa = PBXBuildFile; fileRef = 66E67BEC18DA7A13812ED302 /* RosterImportView.swift */; };
		4A638C5605FF2EF3020849E4 /* SettingsView.swift in Sources */ = {isa = PBXBuildFile; fileRef = 47F2A4AC4296B6FC32B1F6A2 /* SettingsView.swift */; };
		4FE5B2A3887ACCC8BEAA1CD3 /* ExportMeetDataView.swift in Sources */ = {isa = PBXBuildFile; fileRef = 61EE40DC3A81799FB991A394 /* ExportMeetDataView.swift */; };
		52589224CDB614F54C383013 /* Assets.xcassets in Resources */ = {isa = PBXBuildFile; fileRef = 3840295052F8A21EF390B087 /* Assets.xcassets */; };
		527F7D8CF38D86FE207F5504 /* ColorBar.swift in Sources */ = {isa = PBXBuildFile; fileRef = C445F0828F08EA29C544354C /* ColorBar.swift */; };
		529268408F4922F7202C717D /* RaceHistoryView.swift in Sources */ = {isa = PBXBuildFile; fileRef = 9D62238E5D623135760E1A5D /* RaceHistoryView.swift */; };
		5326E9F64906DAB536BFBBED /* SpectatorAthleteDetailView.swift in Sources */ = {isa = PBXBuildFile; fileRef = 9180A57C4BDA1A43CF7829C0 /* SpectatorAthleteDetailView.swift */; };
		5557CB80626C4C8DF4A9C576 /* SharedRaceConfig.swift in Sources */ = {isa = PBXBuildFile; fileRef = CEF97A96A4A096239BF7DF70 /* SharedRaceConfig.swift */; };
		59030C96538DC1F57B12B260 /* PaceCalculator.swift in Sources */ = {isa = PBXBuildFile; fileRef = A44C31CC9BAEF810F6B2DB6E /* PaceCalculator.swift */; };
		611289B1288492A12CA72E9E /* AppSettings.swift in Sources */ = {isa = PBXBuildFile; fileRef = 7762FF50BAEDBD6EF28E2D04 /* AppSettings.swift */; };
		65D59B7C907F2A34424EFC67 /* ShareMeetConfigView.swift in Sources */ = {isa = PBXBuildFile; fileRef = D79CFC9494F0155770A77B1D /* ShareMeetConfigView.swift */; };
		69C00CBF5469BF00F8C0863E /* RosterImporter.swift in Sources */ = {isa = PBXBuildFile; fileRef = B67926C4487DEF5BDDE86DEF /* RosterImporter.swift */; };
		6A670E1E5B0A3319C08FB90F /* ArchiveView.swift in Sources */ = {isa = PBXBuildFile; fileRef = 32053B808398A44F4D58A590 /* ArchiveView.swift */; };
		6E9F8F951D7B70921F5AD9A8 /* SavedRelayTeam.swift in Sources */ = {isa = PBXBuildFile; fileRef = 95C31A50A75DF2F947173240 /* SavedRelayTeam.swift */; };
		6F187688BACFD45F4B4C515A /* ResultsViewModel.swift in Sources */ = {isa = PBXBuildFile; fileRef = F0F80EDA2F8E6EE9E75CE5CA /* ResultsViewModel.swift */; };
		70B0D4AD1B94201087D79BAB /* RaceStateCache.swift in Sources */ = {isa = PBXBuildFile; fileRef = 1B548F352C6C7398141852A0 /* RaceStateCache.swift */; };
		7105656E56C0527457925B7C /* AnalyticsView.swift in Sources */ = {isa = PBXBuildFile; fileRef = FBF5EE4A9614A58C8B4D2699 /* AnalyticsView.swift */; };
		7713C5AF7EB0D5CD64F733D7 /* AdaptiveSheet.swift in Sources */ = {isa = PBXBuildFile; fileRef = 3C8A295EAB0935EC14A14AD2 /* AdaptiveSheet.swift */; };
		7C5DE16F5D1220887F06FCC6 /* HeroMeetCard.swift in Sources */ = {isa = PBXBuildFile; fileRef = CE1022E854CE99C67ED56AD3 /* HeroMeetCard.swift */; };
		7C87335282BE8D68DCB7EF8A /* MainTabView.swift in Sources */ = {isa = PBXBuildFile; fileRef = DFB956097BDEF28F33EE5EEC /* MainTabView.swift */; };
		7CBC0F580E20A338E93C9B37 /* SpectatorStagingView.swift in Sources */ = {isa = PBXBuildFile; fileRef = 0F55B9992B4911C4B09E12B0 /* SpectatorStagingView.swift */; };
		83D74901536904C9FE32A512 /* ShareRaceConfigView.swift in Sources */ = {isa = PBXBuildFile; fileRef = CF76C64D176D48461AFE4C5B /* ShareRaceConfigView.swift */; };
		84C210A7BF88D39CCF2779BD /* ResultsView.swift in Sources */ = {isa = PBXBuildFile; fileRef = 57BE85BF81644B8271FB4DD6 /* ResultsView.swift */; };
		85DECC45C53B273E377E91CD /* CoachIdentity.swift in Sources */ = {isa = PBXBuildFile; fileRef = EB0556F276BEC797727502A7 /* CoachIdentity.swift */; };
		85F449DCCC5900284F78B849 /* RaceStagingView.swift in Sources */ = {isa = PBXBuildFile; fileRef = F070D2C01B00E11E16689F02 /* RaceStagingView.swift */; };
		8A1D09DB95DC90FE9BF904D4 /* QRScannerView.swift in Sources */ = {isa = PBXBuildFile; fileRef = 2C80CEB71BCBFD4A3B4B37FD /* QRScannerView.swift */; };
		8AA329EB6209E9834CE1209B /* Theme.swift in Sources */ = {isa = PBXBuildFile; fileRef = 7766A2D83FB4A1CC2FAAF8FB /* Theme.swift */; };
		8BBCA2723C950081C068EB17 /* BulkMergeFileErrorView.swift in Sources */ = {isa = PBXBuildFile; fileRef = 51379A713AA8D220567B4AB7 /* BulkMergeFileErrorView.swift */; };
		8BD155A10112A545000D506C /* SpectatorSetupView.swift in Sources */ = {isa = PBXBuildFile; fileRef = F0DF5E2A51004D8268212FF2 /* SpectatorSetupView.swift */; };
		8E4B03044E2CB11C9C6C6057 /* HomeViewModel.swift in Sources */ = {isa = PBXBuildFile; fileRef = 0621D38455ED4C89A659FBEB /* HomeViewModel.swift */; };
		940224D3C4FDC3D31CD48F77 /* SplitDeck.xcdatamodeld in Sources */ = {isa = PBXBuildFile; fileRef = 73496D30D2CF2129FEC0EE5E /* SplitDeck.xcdatamodeld */; };
		9935B96036449CAF5F6A3BD3 /* Athlete.swift in Sources */ = {isa = PBXBuildFile; fileRef = 983B6342E3A87E4CD19AA2FD /* Athlete.swift */; };
		995BD75952DC44A550A5E450 /* CompactAthleteCardView.swift in Sources */ = {isa = PBXBuildFile; fileRef = 0D5545723FBB96972FCEB8C7 /* CompactAthleteCardView.swift */; };
		9DE13BD267B2B44A22303A51 /* AppearanceSetting.swift in Sources */ = {isa = PBXBuildFile; fileRef = 0B47F1621BCC343B786B1D69 /* AppearanceSetting.swift */; };
		9EC0E0D3893535A20D4FD7BC /* TipManager.swift in Sources */ = {isa = PBXBuildFile; fileRef = 26A33CB6B47D69EAF3ECB2BD /* TipManager.swift */; };
		A00D125582AEF22BEAD3F96A /* RaceDomain.swift in Sources */ = {isa = PBXBuildFile; fileRef = 3F69683CF963EBDB3E8FFE22 /* RaceDomain.swift */; };
		A0359F2523B9F947CF057685 /* ExportSplitsView.swift in Sources */ = {isa = PBXBuildFile; fileRef = 55DBD7F6F485F4DDCB7776E8 /* ExportSplitsView.swift */; };
		A1612EA74AA5E8E81E2C763F /* MeetsTabView.swift in Sources */ = {isa = PBXBuildFile; fileRef = 5AD881F43D4DF1FD81E9F9F4 /* MeetsTabView.swift */; };
		A68AA825821F7788B14E7BEC /* MergeView.swift in Sources */ = {isa = PBXBuildFile; fileRef = 48A84B2B09BC023E2A0F1047 /* MergeView.swift */; };
		A84244A8841FAD448DC262A2 /* ArchiveViewModel.swift in Sources */ = {isa = PBXBuildFile; fileRef = 8B3D16FAFB4CC317480C0164 /* ArchiveViewModel.swift */; };
		A937F4E28A9F267F33A3F49E /* BulkMergeView.swift in Sources */ = {isa = PBXBuildFile; fileRef = 5AF71A54D69CB7658A7C04BC /* BulkMergeView.swift */; };
		AD7DC3B4451D460BD713550F /* AthleteCardView.swift in Sources */ = {isa = PBXBuildFile; fileRef = 22816F99276C67DC2F708AA1 /* AthleteCardView.swift */; };
		B097800DB157AFDA093373DC /* SpectatorRelaySetupView.swift in Sources */ = {isa = PBXBuildFile; fileRef = A2F011B2DE8930C2B917BE5C /* SpectatorRelaySetupView.swift */; };
		B404F9C191B47860EBBF00E4 /* MeetDetailViewModel.swift in Sources */ = {isa = PBXBuildFile; fileRef = A68AB182F1F2DB803B59A43F /* MeetDetailViewModel.swift */; };
		B4A67FB52722D46A1FC3040E /* SpectatorSettingsView.swift in Sources */ = {isa = PBXBuildFile; fileRef = EEFBB3350951D9A027719421 /* SpectatorSettingsView.swift */; };
		BADBA318200E4EB7FB4118F7 /* RaceCardRow.swift in Sources */ = {isa = PBXBuildFile; fileRef = 4B8D6C4E1103648D301A5CA1 /* RaceCardRow.swift */; };
		C1B43ED253E983B76E1C1360 /* CoachSplitPayload.swift in Sources */ = {isa = PBXBuildFile; fileRef = F95E95F3FC6BC830E04E4942 /* CoachSplitPayload.swift */; };
		C2C0132469CAE63A71E2B23B /* UnassignedMark.swift in Sources */ = {isa = PBXBuildFile; fileRef = 592212AC0943EEECCA541243 /* UnassignedMark.swift */; };
		C49BD1AB78AEBDABB47AE608 /* RelayBuilderViewModel.swift in Sources */ = {isa = PBXBuildFile; fileRef = 9616DB739E616548E3CC4AE6 /* RelayBuilderViewModel.swift */; };
		C4FD1725A503720660C328B4 /* CSVExporter.swift in Sources */ = {isa = PBXBuildFile; fileRef = 69A334198E8BAC203BFC9E84 /* CSVExporter.swift */; };
		C6234EA969FBFC1D9135365D /* RelayRecommender.swift in Sources */ = {isa = PBXBuildFile; fileRef = 0E729CE74F1588333BE72148 /* RelayRecommender.swift */; };
		CF3797158F6E225479D5DC05 /* SplitMerger.swift in Sources */ = {isa = PBXBuildFile; fileRef = E5410BAA8809763650674736 /* SplitMerger.swift */; };
		D21D290F2A637FFBF106494D /* RelayBuilderView.swift in Sources */ = {isa = PBXBuildFile; fileRef = 110FB51AD12891B38900F30E /* RelayBuilderView.swift */; };
		D5BA6F46579852204621A952 /* Meet.swift in Sources */ = {isa = PBXBuildFile; fileRef = DF0BEBE348AD4BFEBF2C0CA7 /* Meet.swift */; };
		D5FA8DBD6A47FF054FFC5070 /* LiveTimingView.swift in Sources */ = {isa = PBXBuildFile; fileRef = E79BA0870757AAE4764F6F8B /* LiveTimingView.swift */; };
		D8D60990AEBEC0206D8D41FA /* CoachMeetPayload.swift in Sources */ = {isa = PBXBuildFile; fileRef = 8B7E10E626A51518A3584E3D /* CoachMeetPayload.swift */; };
		D8DBD5629AF5F0C6688EAA3A /* SplitDeckApp.swift in Sources */ = {isa = PBXBuildFile; fileRef = C7F4B6430C33ACA453B9239A /* SplitDeckApp.swift */; };
		DE4A713C514100D11E216FEB /* SplitDeckStore.swift in Sources */ = {isa = PBXBuildFile; fileRef = 34971AC10EB3458014C26665 /* SplitDeckStore.swift */; };
		DF03334583E3269DF466FF1D /* AthleteRosterView.swift in Sources */ = {isa = PBXBuildFile; fileRef = 88D3BAA858E22F979FCD3FAC /* AthleteRosterView.swift */; };
		E3D3D76D1FB733338AA839D0 /* RaceInfoEditView.swift in Sources */ = {isa = PBXBuildFile; fileRef = 8E65EC75E8F127A8A12CD51E /* RaceInfoEditView.swift */; };
		E423F17CF73ED3B3C9F12513 /* ImportRaceView.swift in Sources */ = {isa = PBXBuildFile; fileRef = B7CA06263E409143039794E6 /* ImportRaceView.swift */; };
		F6B2B00A5348B3453BFEBDA0 /* TimingEngine.swift in Sources */ = {isa = PBXBuildFile; fileRef = 5FE33AB7DD72D84EA9C9CF75 /* TimingEngine.swift */; };
		F6B6FB1ABD22E62E2BD5405B /* AnalyticsViewModel.swift in Sources */ = {isa = PBXBuildFile; fileRef = D12CE3E6B8D19009BF55087D /* AnalyticsViewModel.swift */; };
		FC66AA0E1F24F4523C2F2467 /* Split.swift in Sources */ = {isa = PBXBuildFile; fileRef = 5D877B69427847289A6B51FF /* Split.swift */; };
		FD8C949981C552EFF46683FB /* TipCardView.swift in Sources */ = {isa = PBXBuildFile; fileRef = E3C9814AEFCFD5EB2BE0CE9F /* TipCardView.swift */; };
/* End PBXBuildFile section */

/* Begin PBXContainerItemProxy section */
		DE591C9FE8AEEB8DBC1CEAD7 /* PBXContainerItemProxy */ = {
			isa = PBXContainerItemProxy;
			containerPortal = 8E5B48258E0F72CABEBEAAA6 /* Project object */;
			proxyType = 1;
			remoteGlobalIDString = 5E6C4C36DEE47E50AC267856;
			remoteInfo = RunsmithSplitTimer;
		};
/* End PBXContainerItemProxy section */

/* Begin PBXFileReference section */
		0621D38455ED4C89A659FBEB /* HomeViewModel.swift */ = {isa = PBXFileReference; lastKnownFileType = sourcecode.swift; path = HomeViewModel.swift; sourceTree = "<group>"; };
		087D59B9479124D982BB1FF9 /* Int+TimeFormatting.swift */ = {isa = PBXFileReference; lastKnownFileType = sourcecode.swift; path = "Int+TimeFormatting.swift"; sourceTree = "<group>"; };
		0B47F1621BCC343B786B1D69 /* AppearanceSetting.swift */ = {isa = PBXFileReference; lastKnownFileType = sourcecode.swift; path = AppearanceSetting.swift; sourceTree = "<group>"; };
		0D5545723FBB96972FCEB8C7 /* CompactAthleteCardView.swift */ = {isa = PBXFileReference; lastKnownFileType = sourcecode.swift; path = CompactAthleteCardView.swift; sourceTree = "<group>"; };
		0E729CE74F1588333BE72148 /* RelayRecommender.swift */ = {isa = PBXFileReference; lastKnownFileType = sourcecode.swift; path = RelayRecommender.swift; sourceTree = "<group>"; };
		0F55B9992B4911C4B09E12B0 /* SpectatorStagingView.swift */ = {isa = PBXFileReference; lastKnownFileType = sourcecode.swift; path = SpectatorStagingView.swift; sourceTree = "<group>"; };
		110FB51AD12891B38900F30E /* RelayBuilderView.swift */ = {isa = PBXFileReference; lastKnownFileType = sourcecode.swift; path = RelayBuilderView.swift; sourceTree = "<group>"; };
		15415B5F64D5CF6C857AF04F /* RunsmithSplitTimer.app */ = {isa = PBXFileReference; includeInIndex = 0; lastKnownFileType = wrapper.application; path = RunsmithSplitTimer.app; sourceTree = BUILT_PRODUCTS_DIR; };
		1A190C975E445F6E55481E08 /* AthleteProfileView.swift */ = {isa = PBXFileReference; lastKnownFileType = sourcecode.swift; path = AthleteProfileView.swift; sourceTree = "<group>"; };
		1B548F352C6C7398141852A0 /* RaceStateCache.swift */ = {isa = PBXFileReference; lastKnownFileType = sourcecode.swift; path = RaceStateCache.swift; sourceTree = "<group>"; };
		1C491B6D663CB9FD6B5AC3BD /* CardRenderer.swift */ = {isa = PBXFileReference; lastKnownFileType = sourcecode.swift; path = CardRenderer.swift; sourceTree = "<group>"; };
		221CC82841835CBCD8E139A0 /* AthleteProfileViewModel.swift */ = {isa = PBXFileReference; lastKnownFileType = sourcecode.swift; path = AthleteProfileViewModel.swift; sourceTree = "<group>"; };
		22816F99276C67DC2F708AA1 /* AthleteCardView.swift */ = {isa = PBXFileReference; lastKnownFileType = sourcecode.swift; path = AthleteCardView.swift; sourceTree = "<group>"; };
		26A33CB6B47D69EAF3ECB2BD /* TipManager.swift */ = {isa = PBXFileReference; lastKnownFileType = sourcecode.swift; path = TipManager.swift; sourceTree = "<group>"; };
		2C80CEB71BCBFD4A3B4B37FD /* QRScannerView.swift */ = {isa = PBXFileReference; lastKnownFileType = sourcecode.swift; path = QRScannerView.swift; sourceTree = "<group>"; };
		32053B808398A44F4D58A590 /* ArchiveView.swift */ = {isa = PBXFileReference; lastKnownFileType = sourcecode.swift; path = ArchiveView.swift; sourceTree = "<group>"; };
		34971AC10EB3458014C26665 /* SplitDeckStore.swift */ = {isa = PBXFileReference; lastKnownFileType = sourcecode.swift; path = SplitDeckStore.swift; sourceTree = "<group>"; };
		3840295052F8A21EF390B087 /* Assets.xcassets */ = {isa = PBXFileReference; lastKnownFileType = folder.assetcatalog; path = Assets.xcassets; sourceTree = "<group>"; };
		3C8A295EAB0935EC14A14AD2 /* AdaptiveSheet.swift */ = {isa = PBXFileReference; lastKnownFileType = sourcecode.swift; path = AdaptiveSheet.swift; sourceTree = "<group>"; };
		3D812937365A0963C9FE9958 /* RaceSetupView.swift */ = {isa = PBXFileReference; lastKnownFileType = sourcecode.swift; path = RaceSetupView.swift; sourceTree = "<group>"; };
		3F69683CF963EBDB3E8FFE22 /* RaceDomain.swift */ = {isa = PBXFileReference; lastKnownFileType = sourcecode.swift; path = RaceDomain.swift; sourceTree = "<group>"; };
		47F2A4AC4296B6FC32B1F6A2 /* SettingsView.swift */ = {isa = PBXFileReference; lastKnownFileType = sourcecode.swift; path = SettingsView.swift; sourceTree = "<group>"; };
		48A84B2B09BC023E2A0F1047 /* MergeView.swift */ = {isa = PBXFileReference; lastKnownFileType = sourcecode.swift; path = MergeView.swift; sourceTree = "<group>"; };
		4B8D6C4E1103648D301A5CA1 /* RaceCardRow.swift */ = {isa = PBXFileReference; lastKnownFileType = sourcecode.swift; path = RaceCardRow.swift; sourceTree = "<group>"; };
		51379A713AA8D220567B4AB7 /* BulkMergeFileErrorView.swift */ = {isa = PBXFileReference; lastKnownFileType = sourcecode.swift; path = BulkMergeFileErrorView.swift; sourceTree = "<group>"; };
		55DBD7F6F485F4DDCB7776E8 /* ExportSplitsView.swift */ = {isa = PBXFileReference; lastKnownFileType = sourcecode.swift; path = ExportSplitsView.swift; sourceTree = "<group>"; };
		57BE85BF81644B8271FB4DD6 /* ResultsView.swift */ = {isa = PBXFileReference; lastKnownFileType = sourcecode.swift; path = ResultsView.swift; sourceTree = "<group>"; };
		592212AC0943EEECCA541243 /* UnassignedMark.swift */ = {isa = PBXFileReference; lastKnownFileType = sourcecode.swift; path = UnassignedMark.swift; sourceTree = "<group>"; };
		5AD881F43D4DF1FD81E9F9F4 /* MeetsTabView.swift */ = {isa = PBXFileReference; lastKnownFileType = sourcecode.swift; path = MeetsTabView.swift; sourceTree = "<group>"; };
		5AF71A54D69CB7658A7C04BC /* BulkMergeView.swift */ = {isa = PBXFileReference; lastKnownFileType = sourcecode.swift; path = BulkMergeView.swift; sourceTree = "<group>"; };
		5D877B69427847289A6B51FF /* Split.swift */ = {isa = PBXFileReference; lastKnownFileType = sourcecode.swift; path = Split.swift; sourceTree = "<group>"; };
		5FC29C5EB6D64350600FC8AA /* AboutView.swift */ = {isa = PBXFileReference; lastKnownFileType = sourcecode.swift; path = AboutView.swift; sourceTree = "<group>"; };
		5FE33AB7DD72D84EA9C9CF75 /* TimingEngine.swift */ = {isa = PBXFileReference; lastKnownFileType = sourcecode.swift; path = TimingEngine.swift; sourceTree = "<group>"; };
		61EE40DC3A81799FB991A394 /* ExportMeetDataView.swift */ = {isa = PBXFileReference; lastKnownFileType = sourcecode.swift; path = ExportMeetDataView.swift; sourceTree = "<group>"; };
		66443145F10A5634E4A29023 /* MergeViewModel.swift */ = {isa = PBXFileReference; lastKnownFileType = sourcecode.swift; path = MergeViewModel.swift; sourceTree = "<group>"; };
		66E67BEC18DA7A13812ED302 /* RosterImportView.swift */ = {isa = PBXFileReference; lastKnownFileType = sourcecode.swift; path = RosterImportView.swift; sourceTree = "<group>"; };
		69A334198E8BAC203BFC9E84 /* CSVExporter.swift */ = {isa = PBXFileReference; lastKnownFileType = sourcecode.swift; path = CSVExporter.swift; sourceTree = "<group>"; };
		72FF88CEB8B8D3ACF1C60D55 /* HomeView.swift */ = {isa = PBXFileReference; lastKnownFileType = sourcecode.swift; path = HomeView.swift; sourceTree = "<group>"; };
		7762FF50BAEDBD6EF28E2D04 /* AppSettings.swift */ = {isa = PBXFileReference; lastKnownFileType = sourcecode.swift; path = AppSettings.swift; sourceTree = "<group>"; };
		7766A2D83FB4A1CC2FAAF8FB /* Theme.swift */ = {isa = PBXFileReference; lastKnownFileType = sourcecode.swift; path = Theme.swift; sourceTree = "<group>"; };
		7A031E4142C9058EF08DEBE9 /* RaceSetupViewModel.swift */ = {isa = PBXFileReference; lastKnownFileType = sourcecode.swift; path = RaceSetupViewModel.swift; sourceTree = "<group>"; };
		85C5A4079AB84CD7D94DDC44 /* RunsmithSplitTimerTests.xctest */ = {isa = PBXFileReference; includeInIndex = 0; lastKnownFileType = wrapper.cfbundle; path = RunsmithSplitTimerTests.xctest; sourceTree = BUILT_PRODUCTS_DIR; };
		88D3BAA858E22F979FCD3FAC /* AthleteRosterView.swift */ = {isa = PBXFileReference; lastKnownFileType = sourcecode.swift; path = AthleteRosterView.swift; sourceTree = "<group>"; };
		8B3D16FAFB4CC317480C0164 /* ArchiveViewModel.swift */ = {isa = PBXFileReference; lastKnownFileType = sourcecode.swift; path = ArchiveViewModel.swift; sourceTree = "<group>"; };
		8B7E10E626A51518A3584E3D /* CoachMeetPayload.swift */ = {isa = PBXFileReference; lastKnownFileType = sourcecode.swift; path = CoachMeetPayload.swift; sourceTree = "<group>"; };
		8E65EC75E8F127A8A12CD51E /* RaceInfoEditView.swift */ = {isa = PBXFileReference; lastKnownFileType = sourcecode.swift; path = RaceInfoEditView.swift; sourceTree = "<group>"; };
		9180A57C4BDA1A43CF7829C0 /* SpectatorAthleteDetailView.swift */ = {isa = PBXFileReference; lastKnownFileType = sourcecode.swift; path = SpectatorAthleteDetailView.swift; sourceTree = "<group>"; };
		929799BA799434D1A56752D8 /* ModeSelectorView.swift */ = {isa = PBXFileReference; lastKnownFileType = sourcecode.swift; path = ModeSelectorView.swift; sourceTree = "<group>"; };
		93175D56ABAEDC79E4C794B3 /* Race.swift */ = {isa = PBXFileReference; lastKnownFileType = sourcecode.swift; path = Race.swift; sourceTree = "<group>"; };
		95C31A50A75DF2F947173240 /* SavedRelayTeam.swift */ = {isa = PBXFileReference; lastKnownFileType = sourcecode.swift; path = SavedRelayTeam.swift; sourceTree = "<group>"; };
		9616DB739E616548E3CC4AE6 /* RelayBuilderViewModel.swift */ = {isa = PBXFileReference; lastKnownFileType = sourcecode.swift; path = RelayBuilderViewModel.swift; sourceTree = "<group>"; };
		983B6342E3A87E4CD19AA2FD /* Athlete.swift */ = {isa = PBXFileReference; lastKnownFileType = sourcecode.swift; path = Athlete.swift; sourceTree = "<group>"; };
		9D62238E5D623135760E1A5D /* RaceHistoryView.swift */ = {isa = PBXFileReference; lastKnownFileType = sourcecode.swift; path = RaceHistoryView.swift; sourceTree = "<group>"; };
		A2F011B2DE8930C2B917BE5C /* SpectatorRelaySetupView.swift */ = {isa = PBXFileReference; lastKnownFileType = sourcecode.swift; path = SpectatorRelaySetupView.swift; sourceTree = "<group>"; };
		A44C31CC9BAEF810F6B2DB6E /* PaceCalculator.swift */ = {isa = PBXFileReference; lastKnownFileType = sourcecode.swift; path = PaceCalculator.swift; sourceTree = "<group>"; };
		A68AB182F1F2DB803B59A43F /* MeetDetailViewModel.swift */ = {isa = PBXFileReference; lastKnownFileType = sourcecode.swift; path = MeetDetailViewModel.swift; sourceTree = "<group>"; };
		ADE3532082051AEB1DDCBF08 /* SplitDeck.xcdatamodel */ = {isa = PBXFileReference; lastKnownFileType = wrapper.xcdatamodel; path = SplitDeck.xcdatamodel; sourceTree = "<group>"; };
		B02F8B89A3ACC98CEDE93E36 /* MeetDetailView.swift */ = {isa = PBXFileReference; lastKnownFileType = sourcecode.swift; path = MeetDetailView.swift; sourceTree = "<group>"; };
		B67926C4487DEF5BDDE86DEF /* RosterImporter.swift */ = {isa = PBXFileReference; lastKnownFileType = sourcecode.swift; path = RosterImporter.swift; sourceTree = "<group>"; };
		B7CA06263E409143039794E6 /* ImportRaceView.swift */ = {isa = PBXFileReference; lastKnownFileType = sourcecode.swift; path = ImportRaceView.swift; sourceTree = "<group>"; };
		B8F17121B12636D402BE0494 /* ResultsCardView.swift */ = {isa = PBXFileReference; lastKnownFileType = sourcecode.swift; path = ResultsCardView.swift; sourceTree = "<group>"; };
		B956E3D620CE0BEFA88FAEFC /* RaceDomainTests.swift */ = {isa = PBXFileReference; lastKnownFileType = sourcecode.swift; path = RaceDomainTests.swift; sourceTree = "<group>"; };
		BFDE47332C705D19E547DA90 /* MeetRaceCardRow.swift */ = {isa = PBXFileReference; lastKnownFileType = sourcecode.swift; path = MeetRaceCardRow.swift; sourceTree = "<group>"; };
		C445F0828F08EA29C544354C /* ColorBar.swift */ = {isa = PBXFileReference; lastKnownFileType = sourcecode.swift; path = ColorBar.swift; sourceTree = "<group>"; };
		C7F4B6430C33ACA453B9239A /* SplitDeckApp.swift */ = {isa = PBXFileReference; lastKnownFileType = sourcecode.swift; path = SplitDeckApp.swift; sourceTree = "<group>"; };
		C94B78CF84B174B035D50077 /* OfficialTimeEntryView.swift */ = {isa = PBXFileReference; lastKnownFileType = sourcecode.swift; path = OfficialTimeEntryView.swift; sourceTree = "<group>"; };
		CCD61869AF46FB9DA543E8E4 /* PayloadEncoder.swift */ = {isa = PBXFileReference; lastKnownFileType = sourcecode.swift; path = PayloadEncoder.swift; sourceTree = "<group>"; };
		CE1022E854CE99C67ED56AD3 /* HeroMeetCard.swift */ = {isa = PBXFileReference; lastKnownFileType = sourcecode.swift; path = HeroMeetCard.swift; sourceTree = "<group>"; };
		CEF97A96A4A096239BF7DF70 /* SharedRaceConfig.swift */ = {isa = PBXFileReference; lastKnownFileType = sourcecode.swift; path = SharedRaceConfig.swift; sourceTree = "<group>"; };
		CF76C64D176D48461AFE4C5B /* ShareRaceConfigView.swift */ = {isa = PBXFileReference; lastKnownFileType = sourcecode.swift; path = ShareRaceConfigView.swift; sourceTree = "<group>"; };
		D12CE3E6B8D19009BF55087D /* AnalyticsViewModel.swift */ = {isa = PBXFileReference; lastKnownFileType = sourcecode.swift; path = AnalyticsViewModel.swift; sourceTree = "<group>"; };
		D79CFC9494F0155770A77B1D /* ShareMeetConfigView.swift */ = {isa = PBXFileReference; lastKnownFileType = sourcecode.swift; path = ShareMeetConfigView.swift; sourceTree = "<group>"; };
		D9323BED1D9566725EABCD06 /* SplitMergerTests.swift */ = {isa = PBXFileReference; lastKnownFileType = sourcecode.swift; path = SplitMergerTests.swift; sourceTree = "<group>"; };
		DD94C5A20CF2F40D3944D1D9 /* SpectatorRootView.swift */ = {isa = PBXFileReference; lastKnownFileType = sourcecode.swift; path = SpectatorRootView.swift; sourceTree = "<group>"; };
		DF0BEBE348AD4BFEBF2C0CA7 /* Meet.swift */ = {isa = PBXFileReference; lastKnownFileType = sourcecode.swift; path = Meet.swift; sourceTree = "<group>"; };
		DFB956097BDEF28F33EE5EEC /* MainTabView.swift */ = {isa = PBXFileReference; lastKnownFileType = sourcecode.swift; path = MainTabView.swift; sourceTree = "<group>"; };
		E108A36EE73BC01960F84847 /* LiveTimingViewModel.swift */ = {isa = PBXFileReference; lastKnownFileType = sourcecode.swift; path = LiveTimingViewModel.swift; sourceTree = "<group>"; };
		E3C9814AEFCFD5EB2BE0CE9F /* TipCardView.swift */ = {isa = PBXFileReference; lastKnownFileType = sourcecode.swift; path = TipCardView.swift; sourceTree = "<group>"; };
		E5410BAA8809763650674736 /* SplitMerger.swift */ = {isa = PBXFileReference; lastKnownFileType = sourcecode.swift; path = SplitMerger.swift; sourceTree = "<group>"; };
		E79BA0870757AAE4764F6F8B /* LiveTimingView.swift */ = {isa = PBXFileReference; lastKnownFileType = sourcecode.swift; path = LiveTimingView.swift; sourceTree = "<group>"; };
		EAE3B7B55B5AF96ACE36FBA1 /* Info.plist */ = {isa = PBXFileReference; lastKnownFileType = text.plist; path = Info.plist; sourceTree = "<group>"; };
		EB0556F276BEC797727502A7 /* CoachIdentity.swift */ = {isa = PBXFileReference; lastKnownFileType = sourcecode.swift; path = CoachIdentity.swift; sourceTree = "<group>"; };
		EEFBB3350951D9A027719421 /* SpectatorSettingsView.swift */ = {isa = PBXFileReference; lastKnownFileType = sourcecode.swift; path = SpectatorSettingsView.swift; sourceTree = "<group>"; };
		F070D2C01B00E11E16689F02 /* RaceStagingView.swift */ = {isa = PBXFileReference; lastKnownFileType = sourcecode.swift; path = RaceStagingView.swift; sourceTree = "<group>"; };
		F0DF5E2A51004D8268212FF2 /* SpectatorSetupView.swift */ = {isa = PBXFileReference; lastKnownFileType = sourcecode.swift; path = SpectatorSetupView.swift; sourceTree = "<group>"; };
		F0F80EDA2F8E6EE9E75CE5CA /* ResultsViewModel.swift */ = {isa = PBXFileReference; lastKnownFileType = sourcecode.swift; path = ResultsViewModel.swift; sourceTree = "<group>"; };
		F1BEE1EC77DA5D2C3F9C9F28 /* SpectatorHomeView.swift */ = {isa = PBXFileReference; lastKnownFileType = sourcecode.swift; path = SpectatorHomeView.swift; sourceTree = "<group>"; };
		F95E95F3FC6BC830E04E4942 /* CoachSplitPayload.swift */ = {isa = PBXFileReference; lastKnownFileType = sourcecode.swift; path = CoachSplitPayload.swift; sourceTree = "<group>"; };
		FBF5EE4A9614A58C8B4D2699 /* AnalyticsView.swift */ = {isa = PBXFileReference; lastKnownFileType = sourcecode.swift; path = AnalyticsView.swift; sourceTree = "<group>"; };
		FE86AA33E741D6665AC30180 /* MeetCardRow.swift */ = {isa = PBXFileReference; lastKnownFileType = sourcecode.swift; path = MeetCardRow.swift; sourceTree = "<group>"; };
/* End PBXFileReference section */

/* Begin PBXGroup section */
		0E3D8BBD3789AF9861E50B13 /* MeetDetail */ = {
			isa = PBXGroup;
			children = (
				B02F8B89A3ACC98CEDE93E36 /* MeetDetailView.swift */,
			);
			path = MeetDetail;
			sourceTree = "<group>";
		};
		14C60E635E6776D7C33F9535 /* Meets */ = {
			isa = PBXGroup;
			children = (
				5AD881F43D4DF1FD81E9F9F4 /* MeetsTabView.swift */,
			);
			path = Meets;
			sourceTree = "<group>";
		};
		1A8D83B64E18ECA528A683E1 /* RosterImport */ = {
			isa = PBXGroup;
			children = (
				66E67BEC18DA7A13812ED302 /* RosterImportView.swift */,
			);
			path = RosterImport;
			sourceTree = "<group>";
		};
		1C54E2652B087682CE7EE967 /* Shared */ = {
			isa = PBXGroup;
			children = (
				3C8A295EAB0935EC14A14AD2 /* AdaptiveSheet.swift */,
				FE86AA33E741D6665AC30180 /* MeetCardRow.swift */,
				BFDE47332C705D19E547DA90 /* MeetRaceCardRow.swift */,
				4B8D6C4E1103648D301A5CA1 /* RaceCardRow.swift */,
			);
			path = Shared;
			sourceTree = "<group>";
		};
		1DEF630A533101940FF56610 /* Home */ = {
			isa = PBXGroup;
			children = (
				5FC29C5EB6D64350600FC8AA /* AboutView.swift */,
				CE1022E854CE99C67ED56AD3 /* HeroMeetCard.swift */,
				72FF88CEB8B8D3ACF1C60D55 /* HomeView.swift */,
				9D62238E5D623135760E1A5D /* RaceHistoryView.swift */,
			);
			path = Home;
			sourceTree = "<group>";
		};
		2A93D6984A6F4865AF8A83C1 /* AthleteProfile */ = {
			isa = PBXGroup;
			children = (
				1A190C975E445F6E55481E08 /* AthleteProfileView.swift */,
				88D3BAA858E22F979FCD3FAC /* AthleteRosterView.swift */,
			);
			path = AthleteProfile;
			sourceTree = "<group>";
		};
		3DB85AF1406135547884D7BA /* App */ = {
			isa = PBXGroup;
			children = (
				EAE3B7B55B5AF96ACE36FBA1 /* Info.plist */,
				C7F4B6430C33ACA453B9239A /* SplitDeckApp.swift */,
			);
			path = App;
			sourceTree = "<group>";
		};
		48F53A90E7B0C955D88CC46B /* Merge */ = {
			isa = PBXGroup;
			children = (
				51379A713AA8D220567B4AB7 /* BulkMergeFileErrorView.swift */,
				5AF71A54D69CB7658A7C04BC /* BulkMergeView.swift */,
				61EE40DC3A81799FB991A394 /* ExportMeetDataView.swift */,
				55DBD7F6F485F4DDCB7776E8 /* ExportSplitsView.swift */,
				B7CA06263E409143039794E6 /* ImportRaceView.swift */,
				48A84B2B09BC023E2A0F1047 /* MergeView.swift */,
				2C80CEB71BCBFD4A3B4B37FD /* QRScannerView.swift */,
				D79CFC9494F0155770A77B1D /* ShareMeetConfigView.swift */,
				CF76C64D176D48461AFE4C5B /* ShareRaceConfigView.swift */,
			);
			path = Merge;
			sourceTree = "<group>";
		};
		50D5DC6BD25CA7DA8E1FD087 /* LiveTiming */ = {
			isa = PBXGroup;
			children = (
				22816F99276C67DC2F708AA1 /* AthleteCardView.swift */,
				0D5545723FBB96972FCEB8C7 /* CompactAthleteCardView.swift */,
				E79BA0870757AAE4764F6F8B /* LiveTimingView.swift */,
			);
			path = LiveTiming;
			sourceTree = "<group>";
		};
		576BDC02AC18CFBDA18F3C21 /* SplitDeck */ = {
			isa = PBXGroup;
			children = (
				3840295052F8A21EF390B087 /* Assets.xcassets */,
				3DB85AF1406135547884D7BA /* App */,
				F2BB918D2FA2CB19BCCD08B6 /* Domain */,
				8F2DA8E6523806E6768F3DE5 /* Models */,
				6C2532CF3B3325B7B8753F49 /* Persistence */,
				F8166DE6BC2AC28C2A131D25 /* Shared */,
				CDF7922CD2FD47C879319746 /* ViewModels */,
				8CC93E4648775D79263DDB80 /* Views */,
			);
			path = SplitDeck;
			sourceTree = "<group>";
		};
		6A3A8E7C78CB2DC08416CE8E = {
			isa = PBXGroup;
			children = (
				576BDC02AC18CFBDA18F3C21 /* SplitDeck */,
				850016A395DAF77532318A29 /* SplitDeckTests */,
				D896B59B8E529C8F78C34109 /* Products */,
			);
			sourceTree = "<group>";
		};
		6BAAB865E7837259BBCBC89E /* Archive */ = {
			isa = PBXGroup;
			children = (
				32053B808398A44F4D58A590 /* ArchiveView.swift */,
			);
			path = Archive;
			sourceTree = "<group>";
		};
		6C2532CF3B3325B7B8753F49 /* Persistence */ = {
			isa = PBXGroup;
			children = (
				1B548F352C6C7398141852A0 /* RaceStateCache.swift */,
				73496D30D2CF2129FEC0EE5E /* SplitDeck.xcdatamodeld */,
				34971AC10EB3458014C26665 /* SplitDeckStore.swift */,
			);
			path = Persistence;
			sourceTree = "<group>";
		};
		80BAD936BD76F14F7C7D03A2 /* RaceSetup */ = {
			isa = PBXGroup;
			children = (
				3D812937365A0963C9FE9958 /* RaceSetupView.swift */,
				F070D2C01B00E11E16689F02 /* RaceStagingView.swift */,
			);
			path = RaceSetup;
			sourceTree = "<group>";
		};
		82DEA81656E33B66DF7C151C /* Results */ = {
			isa = PBXGroup;
			children = (
				1C491B6D663CB9FD6B5AC3BD /* CardRenderer.swift */,
				8E65EC75E8F127A8A12CD51E /* RaceInfoEditView.swift */,
				B8F17121B12636D402BE0494 /* ResultsCardView.swift */,
				57BE85BF81644B8271FB4DD6 /* ResultsView.swift */,
			);
			path = Results;
			sourceTree = "<group>";
		};
		850016A395DAF77532318A29 /* SplitDeckTests */ = {
			isa = PBXGroup;
			children = (
				B956E3D620CE0BEFA88FAEFC /* RaceDomainTests.swift */,
				D9323BED1D9566725EABCD06 /* SplitMergerTests.swift */,
			);
			path = SplitDeckTests;
			sourceTree = "<group>";
		};
		8CC93E4648775D79263DDB80 /* Views */ = {
			isa = PBXGroup;
			children = (
				E59A6934A5221D7545701C3F /* Analytics */,
				6BAAB865E7837259BBCBC89E /* Archive */,
				2A93D6984A6F4865AF8A83C1 /* AthleteProfile */,
				1DEF630A533101940FF56610 /* Home */,
				50D5DC6BD25CA7DA8E1FD087 /* LiveTiming */,
				D6CB0E06B4A19114CEC4FAD1 /* Main */,
				0E3D8BBD3789AF9861E50B13 /* MeetDetail */,
				14C60E635E6776D7C33F9535 /* Meets */,
				48F53A90E7B0C955D88CC46B /* Merge */,
				80BAD936BD76F14F7C7D03A2 /* RaceSetup */,
				B9ED572F1FC0BCE3D696510F /* RelayBuilder */,
				82DEA81656E33B66DF7C151C /* Results */,
				1A8D83B64E18ECA528A683E1 /* RosterImport */,
				D7633432FC7646DB33D26E12 /* Settings */,
				1C54E2652B087682CE7EE967 /* Shared */,
				C20A474377A39AC421B7EDDF /* Spectator */,
			);
			path = Views;
			sourceTree = "<group>";
		};
		8F2DA8E6523806E6768F3DE5 /* Models */ = {
			isa = PBXGroup;
			children = (
				983B6342E3A87E4CD19AA2FD /* Athlete.swift */,
				8B7E10E626A51518A3584E3D /* CoachMeetPayload.swift */,
				F95E95F3FC6BC830E04E4942 /* CoachSplitPayload.swift */,
				DF0BEBE348AD4BFEBF2C0CA7 /* Meet.swift */,
				93175D56ABAEDC79E4C794B3 /* Race.swift */,
				95C31A50A75DF2F947173240 /* SavedRelayTeam.swift */,
				CEF97A96A4A096239BF7DF70 /* SharedRaceConfig.swift */,
				5D877B69427847289A6B51FF /* Split.swift */,
				592212AC0943EEECCA541243 /* UnassignedMark.swift */,
			);
			path = Models;
			sourceTree = "<group>";
		};
		B9ED572F1FC0BCE3D696510F /* RelayBuilder */ = {
			isa = PBXGroup;
			children = (
				110FB51AD12891B38900F30E /* RelayBuilderView.swift */,
			);
			path = RelayBuilder;
			sourceTree = "<group>";
		};
		BA21CB9DABA34FCDDABEB83C /* Extensions */ = {
			isa = PBXGroup;
			children = (
				087D59B9479124D982BB1FF9 /* Int+TimeFormatting.swift */,
			);
			path = Extensions;
			sourceTree = "<group>";
		};
		BE41F4CF1A6D61849400D9CC /* Components */ = {
			isa = PBXGroup;
			children = (
				C445F0828F08EA29C544354C /* ColorBar.swift */,
				E3C9814AEFCFD5EB2BE0CE9F /* TipCardView.swift */,
			);
			path = Components;
			sourceTree = "<group>";
		};
		C20A474377A39AC421B7EDDF /* Spectator */ = {
			isa = PBXGroup;
			children = (
				929799BA799434D1A56752D8 /* ModeSelectorView.swift */,
				C94B78CF84B174B035D50077 /* OfficialTimeEntryView.swift */,
				9180A57C4BDA1A43CF7829C0 /* SpectatorAthleteDetailView.swift */,
				F1BEE1EC77DA5D2C3F9C9F28 /* SpectatorHomeView.swift */,
				A2F011B2DE8930C2B917BE5C /* SpectatorRelaySetupView.swift */,
				DD94C5A20CF2F40D3944D1D9 /* SpectatorRootView.swift */,
				EEFBB3350951D9A027719421 /* SpectatorSettingsView.swift */,
				F0DF5E2A51004D8268212FF2 /* SpectatorSetupView.swift */,
				0F55B9992B4911C4B09E12B0 /* SpectatorStagingView.swift */,
			);
			path = Spectator;
			sourceTree = "<group>";
		};
		CDF7922CD2FD47C879319746 /* ViewModels */ = {
			isa = PBXGroup;
			children = (
				D12CE3E6B8D19009BF55087D /* AnalyticsViewModel.swift */,
				8B3D16FAFB4CC317480C0164 /* ArchiveViewModel.swift */,
				221CC82841835CBCD8E139A0 /* AthleteProfileViewModel.swift */,
				0621D38455ED4C89A659FBEB /* HomeViewModel.swift */,
				E108A36EE73BC01960F84847 /* LiveTimingViewModel.swift */,
				A68AB182F1F2DB803B59A43F /* MeetDetailViewModel.swift */,
				66443145F10A5634E4A29023 /* MergeViewModel.swift */,
				7A031E4142C9058EF08DEBE9 /* RaceSetupViewModel.swift */,
				9616DB739E616548E3CC4AE6 /* RelayBuilderViewModel.swift */,
				F0F80EDA2F8E6EE9E75CE5CA /* ResultsViewModel.swift */,
			);
			path = ViewModels;
			sourceTree = "<group>";
		};
		D6CB0E06B4A19114CEC4FAD1 /* Main */ = {
			isa = PBXGroup;
			children = (
				DFB956097BDEF28F33EE5EEC /* MainTabView.swift */,
			);
			path = Main;
			sourceTree = "<group>";
		};
		D7633432FC7646DB33D26E12 /* Settings */ = {
			isa = PBXGroup;
			children = (
				47F2A4AC4296B6FC32B1F6A2 /* SettingsView.swift */,
			);
			path = Settings;
			sourceTree = "<group>";
		};
		D896B59B8E529C8F78C34109 /* Products */ = {
			isa = PBXGroup;
			children = (
				15415B5F64D5CF6C857AF04F /* RunsmithSplitTimer.app */,
				85C5A4079AB84CD7D94DDC44 /* RunsmithSplitTimerTests.xctest */,
			);
			name = Products;
			sourceTree = "<group>";
		};
		E59A6934A5221D7545701C3F /* Analytics */ = {
			isa = PBXGroup;
			children = (
				FBF5EE4A9614A58C8B4D2699 /* AnalyticsView.swift */,
			);
			path = Analytics;
			sourceTree = "<group>";
		};
		F2BB918D2FA2CB19BCCD08B6 /* Domain */ = {
			isa = PBXGroup;
			children = (
				0B47F1621BCC343B786B1D69 /* AppearanceSetting.swift */,
				7762FF50BAEDBD6EF28E2D04 /* AppSettings.swift */,
				EB0556F276BEC797727502A7 /* CoachIdentity.swift */,
				69A334198E8BAC203BFC9E84 /* CSVExporter.swift */,
				A44C31CC9BAEF810F6B2DB6E /* PaceCalculator.swift */,
				CCD61869AF46FB9DA543E8E4 /* PayloadEncoder.swift */,
				3F69683CF963EBDB3E8FFE22 /* RaceDomain.swift */,
				0E729CE74F1588333BE72148 /* RelayRecommender.swift */,
				B67926C4487DEF5BDDE86DEF /* RosterImporter.swift */,
				E5410BAA8809763650674736 /* SplitMerger.swift */,
				5FE33AB7DD72D84EA9C9CF75 /* TimingEngine.swift */,
				26A33CB6B47D69EAF3ECB2BD /* TipManager.swift */,
			);
			path = Domain;
			sourceTree = "<group>";
		};
		F8166DE6BC2AC28C2A131D25 /* Shared */ = {
			isa = PBXGroup;
			children = (
				7766A2D83FB4A1CC2FAAF8FB /* Theme.swift */,
				BE41F4CF1A6D61849400D9CC /* Components */,
				BA21CB9DABA34FCDDABEB83C /* Extensions */,
			);
			path = Shared;
			sourceTree = "<group>";
		};
/* End PBXGroup section */

/* Begin PBXNativeTarget section */
		19576B77B9B7DCE5C9A4DF7C /* RunsmithSplitTimerTests */ = {
			isa = PBXNativeTarget;
			buildConfigurationList = A18BB8803CA04B8DD3D8BE50 /* Build configuration list for PBXNativeTarget "RunsmithSplitTimerTests" */;
			buildPhases = (
				4B550B9CE1F0C0D5C0DE053B /* Sources */,
			);
			buildRules = (
			);
			dependencies = (
				2E60FF3AC4C98BE1F8EF2DE2 /* PBXTargetDependency */,
			);
			name = RunsmithSplitTimerTests;
			packageProductDependencies = (
			);
			productName = RunsmithSplitTimerTests;
			productReference = 85C5A4079AB84CD7D94DDC44 /* RunsmithSplitTimerTests.xctest */;
			productType = "com.apple.product-type.bundle.unit-test";
		};
		5E6C4C36DEE47E50AC267856 /* RunsmithSplitTimer */ = {
			isa = PBXNativeTarget;
			buildConfigurationList = 2F0CAFB2A5681D6B2C4CD5F4 /* Build configuration list for PBXNativeTarget "RunsmithSplitTimer" */;
			buildPhases = (
				13AA3D50476ADD5782F1B355 /* Sources */,
				A6407D3833D9714D2E67A2AA /* Resources */,
			);
			buildRules = (
			);
			dependencies = (
			);
			name = RunsmithSplitTimer;
			packageProductDependencies = (
			);
			productName = RunsmithSplitTimer;
			productReference = 15415B5F64D5CF6C857AF04F /* RunsmithSplitTimer.app */;
			productType = "com.apple.product-type.application";
		};
/* End PBXNativeTarget section */

/* Begin PBXProject section */
		8E5B48258E0F72CABEBEAAA6 /* Project object */ = {
			isa = PBXProject;
			attributes = {
				BuildIndependentTargetsInParallel = YES;
				LastUpgradeCheck = 1500;
				TargetAttributes = {
					19576B77B9B7DCE5C9A4DF7C = {
						DevelopmentTeam = 8N9TUSKDW3;
						ProvisioningStyle = Automatic;
					};
					5E6C4C36DEE47E50AC267856 = {
						DevelopmentTeam = 8N9TUSKDW3;
						ProvisioningStyle = Automatic;
					};
				};
			};
			buildConfigurationList = C6D9BE416C55156C5EB6FED7 /* Build configuration list for PBXProject "RunsmithSplitTimer" */;
			compatibilityVersion = "Xcode 14.0";
			developmentRegion = en;
			hasScannedForEncodings = 0;
			knownRegions = (
				Base,
				en,
			);
			mainGroup = 6A3A8E7C78CB2DC08416CE8E;
			minimizedProjectReferenceProxies = 1;
			preferredProjectObjectVersion = 77;
			projectDirPath = "";
			projectRoot = "";
			targets = (
				5E6C4C36DEE47E50AC267856 /* RunsmithSplitTimer */,
				19576B77B9B7DCE5C9A4DF7C /* RunsmithSplitTimerTests */,
			);
		};
/* End PBXProject section */

/* Begin PBXResourcesBuildPhase section */
		A6407D3833D9714D2E67A2AA /* Resources */ = {
			isa = PBXResourcesBuildPhase;
			buildActionMask = 2147483647;
			files = (
				52589224CDB614F54C383013 /* Assets.xcassets in Resources */,
			);
			runOnlyForDeploymentPostprocessing = 0;
		};
/* End PBXResourcesBuildPhase section */

/* Begin PBXSourcesBuildPhase section */
		13AA3D50476ADD5782F1B355 /* Sources */ = {
			isa = PBXSourcesBuildPhase;
			buildActionMask = 2147483647;
			files = (
				0CE05CDAD03DA81A55A16D71 /* AboutView.swift in Sources */,
				7713C5AF7EB0D5CD64F733D7 /* AdaptiveSheet.swift in Sources */,
				7105656E56C0527457925B7C /* AnalyticsView.swift in Sources */,
				F6B6FB1ABD22E62E2BD5405B /* AnalyticsViewModel.swift in Sources */,
				611289B1288492A12CA72E9E /* AppSettings.swift in Sources */,
				9DE13BD267B2B44A22303A51 /* AppearanceSetting.swift in Sources */,
				6A670E1E5B0A3319C08FB90F /* ArchiveView.swift in Sources */,
				A84244A8841FAD448DC262A2 /* ArchiveViewModel.swift in Sources */,
				9935B96036449CAF5F6A3BD3 /* Athlete.swift in Sources */,
				AD7DC3B4451D460BD713550F /* AthleteCardView.swift in Sources */,
				37A6EB641D50763F0EC4E858 /* AthleteProfileView.swift in Sources */,
				43F40A75A46E51AAA2EF6891 /* AthleteProfileViewModel.swift in Sources */,
				DF03334583E3269DF466FF1D /* AthleteRosterView.swift in Sources */,
				8BBCA2723C950081C068EB17 /* BulkMergeFileErrorView.swift in Sources */,
				A937F4E28A9F267F33A3F49E /* BulkMergeView.swift in Sources */,
				C4FD1725A503720660C328B4 /* CSVExporter.swift in Sources */,
				258380E5BD4DF63F196726BE /* CardRenderer.swift in Sources */,
				85DECC45C53B273E377E91CD /* CoachIdentity.swift in Sources */,
				D8D60990AEBEC0206D8D41FA /* CoachMeetPayload.swift in Sources */,
				C1B43ED253E983B76E1C1360 /* CoachSplitPayload.swift in Sources */,
				527F7D8CF38D86FE207F5504 /* ColorBar.swift in Sources */,
				995BD75952DC44A550A5E450 /* CompactAthleteCardView.swift in Sources */,
				4FE5B2A3887ACCC8BEAA1CD3 /* ExportMeetDataView.swift in Sources */,
				A0359F2523B9F947CF057685 /* ExportSplitsView.swift in Sources */,
				7C5DE16F5D1220887F06FCC6 /* HeroMeetCard.swift in Sources */,
				2041D13B50C974804E7912CF /* HomeView.swift in Sources */,
				8E4B03044E2CB11C9C6C6057 /* HomeViewModel.swift in Sources */,
				E423F17CF73ED3B3C9F12513 /* ImportRaceView.swift in Sources */,
				015C1B8193C18ED9DB197F9E /* Int+TimeFormatting.swift in Sources */,
				D5FA8DBD6A47FF054FFC5070 /* LiveTimingView.swift in Sources */,
				0632FD6B63421AB1ADB06862 /* LiveTimingViewModel.swift in Sources */,
				7C87335282BE8D68DCB7EF8A /* MainTabView.swift in Sources */,
				D5BA6F46579852204621A952 /* Meet.swift in Sources */,
				0927059CF66C78EA31C867F7 /* MeetCardRow.swift in Sources */,
				1BA5055F711162EA2448A8E9 /* MeetDetailView.swift in Sources */,
				B404F9C191B47860EBBF00E4 /* MeetDetailViewModel.swift in Sources */,
				10076C69AA3CD9A6C638516B /* MeetRaceCardRow.swift in Sources */,
				A1612EA74AA5E8E81E2C763F /* MeetsTabView.swift in Sources */,
				A68AA825821F7788B14E7BEC /* MergeView.swift in Sources */,
				2A50B3529D2F32488C25A498 /* MergeViewModel.swift in Sources */,
				0D85858B37AC18D9876ED109 /* ModeSelectorView.swift in Sources */,
				267FF671BC662EEF7E0547F2 /* OfficialTimeEntryView.swift in Sources */,
				59030C96538DC1F57B12B260 /* PaceCalculator.swift in Sources */,
				3E69ADA79ACE1FD30A094C55 /* PayloadEncoder.swift in Sources */,
				8A1D09DB95DC90FE9BF904D4 /* QRScannerView.swift in Sources */,
				37171390CCA27BFA7683ECFF /* Race.swift in Sources */,
				BADBA318200E4EB7FB4118F7 /* RaceCardRow.swift in Sources */,
				A00D125582AEF22BEAD3F96A /* RaceDomain.swift in Sources */,
				529268408F4922F7202C717D /* RaceHistoryView.swift in Sources */,
				E3D3D76D1FB733338AA839D0 /* RaceInfoEditView.swift in Sources */,
				2CEF55566CD7EDD95C39CC01 /* RaceSetupView.swift in Sources */,
				09EB142480D65C9438106D49 /* RaceSetupViewModel.swift in Sources */,
				85F449DCCC5900284F78B849 /* RaceStagingView.swift in Sources */,
				70B0D4AD1B94201087D79BAB /* RaceStateCache.swift in Sources */,
				D21D290F2A637FFBF106494D /* RelayBuilderView.swift in Sources */,
				C49BD1AB78AEBDABB47AE608 /* RelayBuilderViewModel.swift in Sources */,
				C6234EA969FBFC1D9135365D /* RelayRecommender.swift in Sources */,
				1A37159E60C57CAFD06D2BFB /* ResultsCardView.swift in Sources */,
				84C210A7BF88D39CCF2779BD /* ResultsView.swift in Sources */,
				6F187688BACFD45F4B4C515A /* ResultsViewModel.swift in Sources */,
				46A713C3E39CE8FF16EEC744 /* RosterImportView.swift in Sources */,
				69C00CBF5469BF00F8C0863E /* RosterImporter.swift in Sources */,
				6E9F8F951D7B70921F5AD9A8 /* SavedRelayTeam.swift in Sources */,
				4A638C5605FF2EF3020849E4 /* SettingsView.swift in Sources */,
				65D59B7C907F2A34424EFC67 /* ShareMeetConfigView.swift in Sources */,
				83D74901536904C9FE32A512 /* ShareRaceConfigView.swift in Sources */,
				5557CB80626C4C8DF4A9C576 /* SharedRaceConfig.swift in Sources */,
				5326E9F64906DAB536BFBBED /* SpectatorAthleteDetailView.swift in Sources */,
				12ED0D347A271FB888AA003C /* SpectatorHomeView.swift in Sources */,
				B097800DB157AFDA093373DC /* SpectatorRelaySetupView.swift in Sources */,
				42C0AE3F8DFFC068D39793BF /* SpectatorRootView.swift in Sources */,
				B4A67FB52722D46A1FC3040E /* SpectatorSettingsView.swift in Sources */,
				8BD155A10112A545000D506C /* SpectatorSetupView.swift in Sources */,
				7CBC0F580E20A338E93C9B37 /* SpectatorStagingView.swift in Sources */,
				FC66AA0E1F24F4523C2F2467 /* Split.swift in Sources */,
				940224D3C4FDC3D31CD48F77 /* SplitDeck.xcdatamodeld in Sources */,
				D8DBD5629AF5F0C6688EAA3A /* SplitDeckApp.swift in Sources */,
				DE4A713C514100D11E216FEB /* SplitDeckStore.swift in Sources */,
				CF3797158F6E225479D5DC05 /* SplitMerger.swift in Sources */,
				8AA329EB6209E9834CE1209B /* Theme.swift in Sources */,
				F6B2B00A5348B3453BFEBDA0 /* TimingEngine.swift in Sources */,
				FD8C949981C552EFF46683FB /* TipCardView.swift in Sources */,
				9EC0E0D3893535A20D4FD7BC /* TipManager.swift in Sources */,
				C2C0132469CAE63A71E2B23B /* UnassignedMark.swift in Sources */,
			);
			runOnlyForDeploymentPostprocessing = 0;
		};
		4B550B9CE1F0C0D5C0DE053B /* Sources */ = {
			isa = PBXSourcesBuildPhase;
			buildActionMask = 2147483647;
			files = (
				1C552CE22234D906DB87720A /* RaceDomainTests.swift in Sources */,
				214A0BA7CD6138C87920BDD9 /* SplitMergerTests.swift in Sources */,
			);
			runOnlyForDeploymentPostprocessing = 0;
		};
/* End PBXSourcesBuildPhase section */

/* Begin PBXTargetDependency section */
		2E60FF3AC4C98BE1F8EF2DE2 /* PBXTargetDependency */ = {
			isa = PBXTargetDependency;
			target = 5E6C4C36DEE47E50AC267856 /* RunsmithSplitTimer */;
			targetProxy = DE591C9FE8AEEB8DBC1CEAD7 /* PBXContainerItemProxy */;
		};
/* End PBXTargetDependency section */

/* Begin XCBuildConfiguration section */
		1DF9A4464BFAFA67E58C6ABB /* Debug */ = {
			isa = XCBuildConfiguration;
			buildSettings = {
				ASSETCATALOG_COMPILER_APPICON_NAME = AppIcon;
				CODE_SIGN_IDENTITY = "iPhone Developer";
				CODE_SIGN_STYLE = Automatic;
				CURRENT_PROJECT_VERSION = 57;
				DEVELOPMENT_TEAM = 8N9TUSKDW3;
				INFOPLIST_FILE = SplitDeck/App/Info.plist;
				LD_RUNPATH_SEARCH_PATHS = (
					"$(inherited)",
					"@executable_path/Frameworks",
				);
				MARKETING_VERSION = 2.3.0;
				PRODUCT_BUNDLE_IDENTIFIER = com.runsmith.splitdeck;
				SDKROOT = iphoneos;
				TARGETED_DEVICE_FAMILY = "1,2";
			};
			name = Debug;
		};
		563004D08DB0F67238B37D77 /* Debug */ = {
			isa = XCBuildConfiguration;
			buildSettings = {
				ALWAYS_SEARCH_USER_PATHS = NO;
				CLANG_ANALYZER_NONNULL = YES;
				CLANG_ANALYZER_NUMBER_OBJECT_CONVERSION = YES_AGGRESSIVE;
				CLANG_CXX_LANGUAGE_STANDARD = "gnu++14";
				CLANG_CXX_LIBRARY = "libc++";
				CLANG_ENABLE_MODULES = YES;
				CLANG_ENABLE_OBJC_ARC = YES;
				CLANG_ENABLE_OBJC_WEAK = YES;
				CLANG_WARN_BLOCK_CAPTURE_AUTORELEASING = YES;
				CLANG_WARN_BOOL_CONVERSION = YES;
				CLANG_WARN_COMMA = YES;
				CLANG_WARN_CONSTANT_CONVERSION = YES;
				CLANG_WARN_DEPRECATED_OBJC_IMPLEMENTATIONS = YES;
				CLANG_WARN_DIRECT_OBJC_ISA_USAGE = YES_ERROR;
				CLANG_WARN_DOCUMENTATION_COMMENTS = YES;
				CLANG_WARN_EMPTY_BODY = YES;
				CLANG_WARN_ENUM_CONVERSION = YES;
				CLANG_WARN_INFINITE_RECURSION = YES;
				CLANG_WARN_INT_CONVERSION = YES;
				CLANG_WARN_NON_LITERAL_NULL_CONVERSION = YES;
				CLANG_WARN_OBJC_IMPLICIT_RETAIN_SELF = YES;
				CLANG_WARN_OBJC_LITERAL_CONVERSION = YES;
				CLANG_WARN_OBJC_ROOT_CLASS = YES_ERROR;
				CLANG_WARN_QUOTED_INCLUDE_IN_FRAMEWORK_HEADER = YES;
				CLANG_WARN_RANGE_LOOP_ANALYSIS = YES;
				CLANG_WARN_STRICT_PROTOTYPES = YES;
				CLANG_WARN_SUSPICIOUS_MOVE = YES;
				CLANG_WARN_UNGUARDED_AVAILABILITY = YES_AGGRESSIVE;
				CLANG_WARN_UNREACHABLE_CODE = YES;
				CLANG_WARN__DUPLICATE_METHOD_MATCH = YES;
				COPY_PHASE_STRIP = NO;
				DEBUG_INFORMATION_FORMAT = dwarf;
				ENABLE_STRICT_OBJC_MSGSEND = YES;
				ENABLE_TESTABILITY = YES;
				GCC_C_LANGUAGE_STANDARD = gnu11;
				GCC_DYNAMIC_NO_PIC = NO;
				GCC_NO_COMMON_BLOCKS = YES;
				GCC_OPTIMIZATION_LEVEL = 0;
				GCC_PREPROCESSOR_DEFINITIONS = (
					"$(inherited)",
					"DEBUG=1",
				);
				GCC_WARN_64_TO_32_BIT_CONVERSION = YES;
				GCC_WARN_ABOUT_RETURN_TYPE = YES_ERROR;
				GCC_WARN_UNDECLARED_SELECTOR = YES;
				GCC_WARN_UNINITIALIZED_AUTOS = YES_AGGRESSIVE;
				GCC_WARN_UNUSED_FUNCTION = YES;
				GCC_WARN_UNUSED_VARIABLE = YES;
				IPHONEOS_DEPLOYMENT_TARGET = 16.0;
				MTL_ENABLE_DEBUG_INFO = INCLUDE_SOURCE;
				MTL_FAST_MATH = YES;
				ONLY_ACTIVE_ARCH = YES;
				PRODUCT_NAME = "$(TARGET_NAME)";
				SDKROOT = iphoneos;
				SUPPORTS_MACCATALYST = NO;
				SWIFT_ACTIVE_COMPILATION_CONDITIONS = DEBUG;
				SWIFT_OPTIMIZATION_LEVEL = "-Onone";
				SWIFT_VERSION = 5.9;
				TARGETED_DEVICE_FAMILY = "1,2";
			};
			name = Debug;
		};
		839E6B6D7150D90FBD175A90 /* Debug */ = {
			isa = XCBuildConfiguration;
			buildSettings = {
				BUNDLE_LOADER = "$(TEST_HOST)";
				CODE_SIGN_STYLE = Automatic;
				DEVELOPMENT_TEAM = 8N9TUSKDW3;
				GENERATE_INFOPLIST_FILE = YES;
				LD_RUNPATH_SEARCH_PATHS = (
					"$(inherited)",
					"@executable_path/Frameworks",
					"@loader_path/Frameworks",
				);
				PRODUCT_BUNDLE_IDENTIFIER = com.runsmith.RunsmithSplitTimerTests;
				SDKROOT = iphoneos;
				TARGETED_DEVICE_FAMILY = "1,2";
				TEST_HOST = "$(BUILT_PRODUCTS_DIR)/RunsmithSplitTimer.app/RunsmithSplitTimer";
			};
			name = Debug;
		};
		A9F8EE394D24D66C113A40C9 /* Release */ = {
			isa = XCBuildConfiguration;
			buildSettings = {
				ALWAYS_SEARCH_USER_PATHS = NO;
				CLANG_ANALYZER_NONNULL = YES;
				CLANG_ANALYZER_NUMBER_OBJECT_CONVERSION = YES_AGGRESSIVE;
				CLANG_CXX_LANGUAGE_STANDARD = "gnu++14";
				CLANG_CXX_LIBRARY = "libc++";
				CLANG_ENABLE_MODULES = YES;
				CLANG_ENABLE_OBJC_ARC = YES;
				CLANG_ENABLE_OBJC_WEAK = YES;
				CLANG_WARN_BLOCK_CAPTURE_AUTORELEASING = YES;
				CLANG_WARN_BOOL_CONVERSION = YES;
				CLANG_WARN_COMMA = YES;
				CLANG_WARN_CONSTANT_CONVERSION = YES;
				CLANG_WARN_DEPRECATED_OBJC_IMPLEMENTATIONS = YES;
				CLANG_WARN_DIRECT_OBJC_ISA_USAGE = YES_ERROR;
				CLANG_WARN_DOCUMENTATION_COMMENTS = YES;
				CLANG_WARN_EMPTY_BODY = YES;
				CLANG_WARN_ENUM_CONVERSION = YES;
				CLANG_WARN_INFINITE_RECURSION = YES;
				CLANG_WARN_INT_CONVERSION = YES;
				CLANG_WARN_NON_LITERAL_NULL_CONVERSION = YES;
				CLANG_WARN_OBJC_IMPLICIT_RETAIN_SELF = YES;
				CLANG_WARN_OBJC_LITERAL_CONVERSION = YES;
				CLANG_WARN_OBJC_ROOT_CLASS = YES_ERROR;
				CLANG_WARN_QUOTED_INCLUDE_IN_FRAMEWORK_HEADER = YES;
				CLANG_WARN_RANGE_LOOP_ANALYSIS = YES;
				CLANG_WARN_STRICT_PROTOTYPES = YES;
				CLANG_WARN_SUSPICIOUS_MOVE = YES;
				CLANG_WARN_UNGUARDED_AVAILABILITY = YES_AGGRESSIVE;
				CLANG_WARN_UNREACHABLE_CODE = YES;
				CLANG_WARN__DUPLICATE_METHOD_MATCH = YES;
				COPY_PHASE_STRIP = NO;
				DEBUG_INFORMATION_FORMAT = "dwarf-with-dsym";
				ENABLE_NS_ASSERTIONS = NO;
				ENABLE_STRICT_OBJC_MSGSEND = YES;
				GCC_C_LANGUAGE_STANDARD = gnu11;
				GCC_NO_COMMON_BLOCKS = YES;
				GCC_WARN_64_TO_32_BIT_CONVERSION = YES;
				GCC_WARN_ABOUT_RETURN_TYPE = YES_ERROR;
				GCC_WARN_UNDECLARED_SELECTOR = YES;
				GCC_WARN_UNINITIALIZED_AUTOS = YES_AGGRESSIVE;
				GCC_WARN_UNUSED_FUNCTION = YES;
				GCC_WARN_UNUSED_VARIABLE = YES;
				IPHONEOS_DEPLOYMENT_TARGET = 16.0;
				MTL_ENABLE_DEBUG_INFO = NO;
				MTL_FAST_MATH = YES;
				PRODUCT_NAME = "$(TARGET_NAME)";
				SDKROOT = iphoneos;
				SUPPORTS_MACCATALYST = NO;
				SWIFT_COMPILATION_MODE = wholemodule;
				SWIFT_OPTIMIZATION_LEVEL = "-O";
				SWIFT_VERSION = 5.9;
				TARGETED_DEVICE_FAMILY = "1,2";
			};
			name = Release;
		};
		C0E9951911BE712E722296EA /* Release */ = {
			isa = XCBuildConfiguration;
			buildSettings = {
				BUNDLE_LOADER = "$(TEST_HOST)";
				CODE_SIGN_STYLE = Automatic;
				DEVELOPMENT_TEAM = 8N9TUSKDW3;
				GENERATE_INFOPLIST_FILE = YES;
				LD_RUNPATH_SEARCH_PATHS = (
					"$(inherited)",
					"@executable_path/Frameworks",
					"@loader_path/Frameworks",
				);
				PRODUCT_BUNDLE_IDENTIFIER = com.runsmith.RunsmithSplitTimerTests;
				SDKROOT = iphoneos;
				TARGETED_DEVICE_FAMILY = "1,2";
				TEST_HOST = "$(BUILT_PRODUCTS_DIR)/RunsmithSplitTimer.app/RunsmithSplitTimer";
			};
			name = Release;
		};
		F29DB5D44DC3351B5A1CF178 /* Release */ = {
			isa = XCBuildConfiguration;
			buildSettings = {
				ASSETCATALOG_COMPILER_APPICON_NAME = AppIcon;
				CODE_SIGN_IDENTITY = "iPhone Developer";
				CODE_SIGN_STYLE = Automatic;
				CURRENT_PROJECT_VERSION = 57;
				DEVELOPMENT_TEAM = 8N9TUSKDW3;
				INFOPLIST_FILE = SplitDeck/App/Info.plist;
				LD_RUNPATH_SEARCH_PATHS = (
					"$(inherited)",
					"@executable_path/Frameworks",
				);
				MARKETING_VERSION = 2.3.0;
				PRODUCT_BUNDLE_IDENTIFIER = com.runsmith.splitdeck;
				SDKROOT = iphoneos;
				TARGETED_DEVICE_FAMILY = "1,2";
			};
			name = Release;
		};
/* End XCBuildConfiguration section */

/* Begin XCConfigurationList section */
		2F0CAFB2A5681D6B2C4CD5F4 /* Build configuration list for PBXNativeTarget "RunsmithSplitTimer" */ = {
			isa = XCConfigurationList;
			buildConfigurations = (
				1DF9A4464BFAFA67E58C6ABB /* Debug */,
				F29DB5D44DC3351B5A1CF178 /* Release */,
			);
			defaultConfigurationIsVisible = 0;
			defaultConfigurationName = Debug;
		};
		A18BB8803CA04B8DD3D8BE50 /* Build configuration list for PBXNativeTarget "RunsmithSplitTimerTests" */ = {
			isa = XCConfigurationList;
			buildConfigurations = (
				839E6B6D7150D90FBD175A90 /* Debug */,
				C0E9951911BE712E722296EA /* Release */,
			);
			defaultConfigurationIsVisible = 0;
			defaultConfigurationName = Debug;
		};
		C6D9BE416C55156C5EB6FED7 /* Build configuration list for PBXProject "RunsmithSplitTimer" */ = {
			isa = XCConfigurationList;
			buildConfigurations = (
				563004D08DB0F67238B37D77 /* Debug */,
				A9F8EE394D24D66C113A40C9 /* Release */,
			);
			defaultConfigurationIsVisible = 0;
			defaultConfigurationName = Debug;
		};
/* End XCConfigurationList section */

/* Begin XCVersionGroup section */
		73496D30D2CF2129FEC0EE5E /* SplitDeck.xcdatamodeld */ = {
			isa = XCVersionGroup;
			children = (
				ADE3532082051AEB1DDCBF08 /* SplitDeck.xcdatamodel */,
			);
			currentVersion = ADE3532082051AEB1DDCBF08 /* SplitDeck.xcdatamodel */;
			path = SplitDeck.xcdatamodeld;
			sourceTree = "<group>";
			versionGroupType = wrapper.xcdatamodel;
		};
/* End XCVersionGroup section */
	};
	rootObject = 8E5B48258E0F72CABEBEAAA6 /* Project object */;
}
